
Microsoft Visual Studio Solution File, Format Version 12.00
# Visual Studio Version 17
VisualStudioVersion = 17.8.34511.84
MinimumVisualStudioVersion = 10.0.40219.1
Project("{FAE04EC0-301F-11D3-BF4B-00C04F79EFBC}") = "SarreCarterLab1", "SarreCarterLab1\SarreCarterLab1.csproj", "{3B8D1044-4E8D-4542-9D35-6B764BDF2ACC}"
EndProject
Global
	GlobalSection(SolutionConfigurationPlatforms) = preSolution
		Debug|Any CPU = Debug|Any CPU
		Release|Any CPU = Release|Any CPU
	EndGlobalSection
	GlobalSection(ProjectConfigurationPlatforms) = postSolution
		{3B8D1044-4E8D-4542-9D35-6B764BDF2ACC}.Debug|Any CPU.ActiveCfg = Debug|Any CPU
		{3B8D1044-4E8D-4542-9D35-6B764BDF2ACC}.Debug|Any CPU.Build.0 = Debug|Any CPU
		{3B8D1044-4E8D-4542-9D35-6B764BDF2ACC}.Release|Any CPU.ActiveCfg = Release|Any CPU
		{3B8D1044-4E8D-4542-9D35-6B764BDF2ACC}.Release|Any CPU.Build.0 = Release|Any CPU
	EndGlobalSection
	GlobalSection(SolutionProperties) = preSolution
		HideSolutionNode = FALSE
	EndGlobalSection
	GlobalSection(ExtensibilityGlobals) = postSolution
		SolutionGuid = {53FDEC4B-A94B-4617-9DBC-709DC0F7E981}
	EndGlobalSection
EndGlobal
